
Microsoft Visual Studio Solution File, Format Version 12.00
# Visual Studio Version 16
VisualStudioVersion = 16.0.29728.190
MinimumVisualStudioVersion = 10.0.40219.1
Project("{FAE04EC0-301F-11D3-BF4B-00C04F79EFBC}") = "ExpensesTracker", "ExpensesTracker\ExpensesTracker.csproj", "{C03840CE-137E-4B8A-9ADA-71ADAA724030}"
EndProject
Global
	GlobalSection(SolutionConfigurationPlatforms) = preSolution
		Debug|Any CPU = Debug|Any CPU
		Release|Any CPU = Release|Any CPU
	EndGlobalSection
	GlobalSection(ProjectConfigurationPlatforms) = postSolution
		{C03840CE-137E-4B8A-9ADA-71ADAA724030}.Debug|Any CPU.ActiveCfg = Debug|Any CPU
		{C03840CE-137E-4B8A-9ADA-71ADAA724030}.Debug|Any CPU.Build.0 = Debug|Any CPU
		{C03840CE-137E-4B8A-9ADA-71ADAA724030}.Release|Any CPU.ActiveCfg = Release|Any CPU
		{C03840CE-137E-4B8A-9ADA-71ADAA724030}.Release|Any CPU.Build.0 = Release|Any CPU
	EndGlobalSection
	GlobalSection(SolutionProperties) = preSolution
		HideSolutionNode = FALSE
	EndGlobalSection
	GlobalSection(ExtensibilityGlobals) = postSolution
		SolutionGuid = {44762C02-4BFF-4A13-BC6D-403EFA96DDC8}
	EndGlobalSection
EndGlobal
